
Microsoft Visual Studio Solution File, Format Version 12.00
# Visual Studio 15
VisualStudioVersion = 15.0.28010.2036
MinimumVisualStudioVersion = 10.0.40219.1
Project("{FAE04EC0-301F-11D3-BF4B-00C04F79EFBC}") = "AboutMe", "AboutMe\AboutMe.csproj", "{7016233E-6C54-41C2-9DD8-F3F7DD01D35C}"
EndProject
Global
	GlobalSection(SolutionConfigurationPlatforms) = preSolution
		Debug|Any CPU = Debug|Any CPU
		Release|Any CPU = Release|Any CPU
	EndGlobalSection
	GlobalSection(ProjectConfigurationPlatforms) = postSolution
		{7016233E-6C54-41C2-9DD8-F3F7DD01D35C}.Debug|Any CPU.ActiveCfg = Debug|Any CPU
		{7016233E-6C54-41C2-9DD8-F3F7DD01D35C}.Debug|Any CPU.Build.0 = Debug|Any CPU
		{7016233E-6C54-41C2-9DD8-F3F7DD01D35C}.Release|Any CPU.ActiveCfg = Release|Any CPU
		{7016233E-6C54-41C2-9DD8-F3F7DD01D35C}.Release|Any CPU.Build.0 = Release|Any CPU
	EndGlobalSection
	GlobalSection(SolutionProperties) = preSolution
		HideSolutionNode = FALSE
	EndGlobalSection
	GlobalSection(ExtensibilityGlobals) = postSolution
		SolutionGuid = {1F9A5B8C-3C99-49B9-B8D7-29B2AA8C0D06}
	EndGlobalSection
EndGlobal
